
Microsoft Visual Studio Solution File, Format Version 12.00
# Visual Studio Version 17
VisualStudioVersion = 17.7.34202.233
MinimumVisualStudioVersion = 10.0.40219.1
Project("{FAE04EC0-301F-11D3-BF4B-00C04F79EFBC}") = "CommandService", "CommandService\CommandService.csproj", "{CA1BC94F-C1B8-4F86-882B-504034AF58EF}"
EndProject
Global
	GlobalSection(SolutionConfigurationPlatforms) = preSolution
		Debug|Any CPU = Debug|Any CPU
		Release|Any CPU = Release|Any CPU
	EndGlobalSection
	GlobalSection(ProjectConfigurationPlatforms) = postSolution
		{CA1BC94F-C1B8-4F86-882B-504034AF58EF}.Debug|Any CPU.ActiveCfg = Debug|Any CPU
		{CA1BC94F-C1B8-4F86-882B-504034AF58EF}.Debug|Any CPU.Build.0 = Debug|Any CPU
		{CA1BC94F-C1B8-4F86-882B-504034AF58EF}.Release|Any CPU.ActiveCfg = Release|Any CPU
		{CA1BC94F-C1B8-4F86-882B-504034AF58EF}.Release|Any CPU.Build.0 = Release|Any CPU
	EndGlobalSection
	GlobalSection(SolutionProperties) = preSolution
		HideSolutionNode = FALSE
	EndGlobalSection
	GlobalSection(ExtensibilityGlobals) = postSolution
		SolutionGuid = {5C315339-564D-4478-8994-3AFA122CC358}
	EndGlobalSection
EndGlobal
